// !$*UTF8*$!
{
	archiveVersion = 1;
	classes = {
	};
	objectVersion = 46;
	objects = {

/* Begin PBXBuildFile section */
		90293A631D252EBB00BA527D /* main.swift in Sources */ = {isa = PBXBuildFile; fileRef = 90293A621D252EBB00BA527D /* main.swift */; };
		90767D331D258E280050C081 /* Starbird.swift in Sources */ = {isa = PBXBuildFile; fileRef = 90767D321D258E280050C081 /* Starbird.swift */; };
		90767D351D258ED30050C081 /* TaskType.swift in Sources */ = {isa = PBXBuildFile; fileRef = 90767D341D258ED30050C081 /* TaskType.swift */; };
		90767D371D2591720050C081 /* Task.swift in Sources */ = {isa = PBXBuildFile; fileRef = 90767D361D2591720050C081 /* Task.swift */; };
/* End PBXBuildFile section */

/* Begin PBXCopyFilesBuildPhase section */
		90293A541D252CE700BA527D /* CopyFiles */ = {
			isa = PBXCopyFilesBuildPhase;
			buildActionMask = 2147483647;
			dstPath = /usr/share/man/man1/;
			dstSubfolderSpec = 0;
			files = (
			);
			runOnlyForDeploymentPostprocessing = 1;
		};
/* End PBXCopyFilesBuildPhase section */

/* Begin PBXFileReference section */
		90293A561D252CE700BA527D /* Starbird */ = {isa = PBXFileReference; explicitFileType = "compiled.mach-o.executable"; includeInIndex = 0; path = Starbird; sourceTree = BUILT_PRODUCTS_DIR; };
		90293A621D252EBB00BA527D /* main.swift */ = {isa = PBXFileReference; fileEncoding = 4; lastKnownFileType = sourcecode.swift; path = main.swift; sourceTree = "<group>"; };
		90767D321D258E280050C081 /* Starbird.swift */ = {isa = PBXFileReference; fileEncoding = 4; lastKnownFileType = sourcecode.swift; path = Starbird.swift; sourceTree = "<group>"; };
		90767D341D258ED30050C081 /* TaskType.swift */ = {isa = PBXFileReference; fileEncoding = 4; lastKnownFileType = sourcecode.swift; path = TaskType.swift; sourceTree = "<group>"; };
		90767D361D2591720050C081 /* Task.swift */ = {isa = PBXFileReference; fileEncoding = 4; lastKnownFileType = sourcecode.swift; path = Task.swift; sourceTree = "<group>"; };
/* End PBXFileReference section */

/* Begin PBXFrameworksBuildPhase section */
		90293A531D252CE700BA527D /* Frameworks */ = {
			isa = PBXFrameworksBuildPhase;
			buildActionMask = 2147483647;
			files = (
			);
			runOnlyForDeploymentPostprocessing = 0;
		};
/* End PBXFrameworksBuildPhase section */

/* Begin PBXGroup section */
		90293A4D1D252CE700BA527D = {
			isa = PBXGroup;
			children = (
				90293A611D252EBB00BA527D /* Source */,
				90293A571D252CE700BA527D /* Products */,
			);
			sourceTree = "<group>";
		};
		90293A571D252CE700BA527D /* Products */ = {
			isa = PBXGroup;
			children = (
				90293A561D252CE700BA527D /* Starbird */,
			);
			name = Products;
			sourceTree = "<group>";
		};
		90293A611D252EBB00BA527D /* Source */ = {
			isa = PBXGroup;
			children = (
				90293A621D252EBB00BA527D /* main.swift */,
				90767D321D258E280050C081 /* Starbird.swift */,
				90767D341D258ED30050C081 /* TaskType.swift */,
				90767D361D2591720050C081 /* Task.swift */,
			);
			path = Source;
			sourceTree = "<group>";
		};
/* End PBXGroup section */

/* Begin PBXNativeTarget section */
		90293A551D252CE700BA527D /* Starbird */ = {
			isa = PBXNativeTarget;
			buildConfigurationList = 90293A5D1D252CE700BA527D /* Build configuration list for PBXNativeTarget "Starbird" */;
			buildPhases = (
				90293A521D252CE700BA527D /* Sources */,
				90293A531D252CE700BA527D /* Frameworks */,
				90293A541D252CE700BA527D /* CopyFiles */,
				90293A601D252D8500BA527D /* ShellScript */,
			);
			buildRules = (
			);
			dependencies = (
			);
			name = Starbird;
			productName = Starbird;
			productReference = 90293A561D252CE700BA527D /* Starbird */;
			productType = "com.apple.product-type.tool";
		};
/* End PBXNativeTarget section */

/* Begin PBXProject section */
		90293A4E1D252CE700BA527D /* Project object */ = {
			isa = PBXProject;
			attributes = {
				LastSwiftUpdateCheck = 0800;
				LastUpgradeCheck = 0800;
				ORGANIZATIONNAME = "Michal Tynior";
				TargetAttributes = {
					90293A551D252CE700BA527D = {
						CreatedOnToolsVersion = 8.0;
						DevelopmentTeam = 924FTKSN52;
						DevelopmentTeamName = "Michal Tynior";
						ProvisioningStyle = Automatic;
					};
				};
			};
			buildConfigurationList = 90293A511D252CE700BA527D /* Build configuration list for PBXProject "Starbird" */;
			compatibilityVersion = "Xcode 3.2";
			developmentRegion = English;
			hasScannedForEncodings = 0;
			knownRegions = (
				en,
			);
			mainGroup = 90293A4D1D252CE700BA527D;
			productRefGroup = 90293A571D252CE700BA527D /* Products */;
			projectDirPath = "";
			projectRoot = "";
			targets = (
				90293A551D252CE700BA527D /* Starbird */,
			);
		};
/* End PBXProject section */

/* Begin PBXShellScriptBuildPhase section */
		90293A601D252D8500BA527D /* ShellScript */ = {
			isa = PBXShellScriptBuildPhase;
			buildActionMask = 2147483647;
			files = (
			);
			inputPaths = (
			);
			outputPaths = (
			);
			runOnlyForDeploymentPostprocessing = 0;
			shellPath = /bin/sh;
			shellScript = "if which swiftlint >/dev/null; then\n    swiftlint\nelse\n    echo \"warning: SwiftLint not installed, download from https://github.com/realm/SwiftLint\"\nfi";
		};
/* End PBXShellScriptBuildPhase section */

/* Begin PBXSourcesBuildPhase section */
		90293A521D252CE700BA527D /* Sources */ = {
			isa = PBXSourcesBuildPhase;
			buildActionMask = 2147483647;
			files = (
				90767D371D2591720050C081 /* Task.swift in Sources */,
				90767D331D258E280050C081 /* Starbird.swift in Sources */,
				90767D351D258ED30050C081 /* TaskType.swift in Sources */,
				90293A631D252EBB00BA527D /* main.swift in Sources */,
			);
			runOnlyForDeploymentPostprocessing = 0;
		};
/* End PBXSourcesBuildPhase section */

/* Begin XCBuildConfiguration section */
		90293A5B1D252CE700BA527D /* Debug */ = {
			isa = XCBuildConfiguration;
			buildSettings = {
				ALWAYS_SEARCH_USER_PATHS = NO;
				CLANG_ANALYZER_NONNULL = YES;
				CLANG_CXX_LANGUAGE_STANDARD = "gnu++0x";
				CLANG_CXX_LIBRARY = "libc++";
				CLANG_ENABLE_MODULES = YES;
				CLANG_ENABLE_OBJC_ARC = YES;
				CLANG_WARN_BOOL_CONVERSION = YES;
				CLANG_WARN_CONSTANT_CONVERSION = YES;
				CLANG_WARN_DIRECT_OBJC_ISA_USAGE = YES_ERROR;
				CLANG_WARN_DOCUMENTATION_COMMENTS = YES;
				CLANG_WARN_EMPTY_BODY = YES;
				CLANG_WARN_ENUM_CONVERSION = YES;
				CLANG_WARN_INT_CONVERSION = YES;
				CLANG_WARN_OBJC_ROOT_CLASS = YES_ERROR;
				CLANG_WARN_UNREACHABLE_CODE = YES;
				CLANG_WARN__DUPLICATE_METHOD_MATCH = YES;
				CODE_SIGN_IDENTITY = "-";
				COPY_PHASE_STRIP = NO;
				DEBUG_INFORMATION_FORMAT = dwarf;
				ENABLE_STRICT_OBJC_MSGSEND = YES;
				ENABLE_TESTABILITY = YES;
				GCC_C_LANGUAGE_STANDARD = gnu99;
				GCC_DYNAMIC_NO_PIC = NO;
				GCC_NO_COMMON_BLOCKS = YES;
				GCC_OPTIMIZATION_LEVEL = 0;
				GCC_PREPROCESSOR_DEFINITIONS = (
					"DEBUG=1",
					"$(inherited)",
				);
				GCC_WARN_64_TO_32_BIT_CONVERSION = YES;
				GCC_WARN_ABOUT_RETURN_TYPE = YES_ERROR;
				GCC_WARN_UNDECLARED_SELECTOR = YES;
				GCC_WARN_UNINITIALIZED_AUTOS = YES_AGGRESSIVE;
				GCC_WARN_UNUSED_FUNCTION = YES;
				GCC_WARN_UNUSED_VARIABLE = YES;
				MACOSX_DEPLOYMENT_TARGET = 10.11;
				MTL_ENABLE_DEBUG_INFO = YES;
				ONLY_ACTIVE_ARCH = YES;
				SDKROOT = macosx;
				SWIFT_OPTIMIZATION_LEVEL = "-Onone";
			};
			name = Debug;
		};
		90293A5C1D252CE700BA527D /* Release */ = {
			isa = XCBuildConfiguration;
			buildSettings = {
				ALWAYS_SEARCH_USER_PATHS = NO;
				CLANG_ANALYZER_NONNULL = YES;
				CLANG_CXX_LANGUAGE_STANDARD = "gnu++0x";
				CLANG_CXX_LIBRARY = "libc++";
				CLANG_ENABLE_MODULES = YES;
				CLANG_ENABLE_OBJC_ARC = YES;
				CLANG_WARN_BOOL_CONVERSION = YES;
				CLANG_WARN_CONSTANT_CONVERSION = YES;
				CLANG_WARN_DIRECT_OBJC_ISA_USAGE = YES_ERROR;
				CLANG_WARN_DOCUMENTATION_COMMENTS = YES;
				CLANG_WARN_EMPTY_BODY = YES;
				CLANG_WARN_ENUM_CONVERSION = YES;
				CLANG_WARN_INT_CONVERSION = YES;
				CLANG_WARN_OBJC_ROOT_CLASS = YES_ERROR;
				CLANG_WARN_UNREACHABLE_CODE = YES;
				CLANG_WARN__DUPLICATE_METHOD_MATCH = YES;
				CODE_SIGN_IDENTITY = "-";
				COPY_PHASE_STRIP = NO;
				DEBUG_INFORMATION_FORMAT = "dwarf-with-dsym";
				ENABLE_NS_ASSERTIONS = NO;
				ENABLE_STRICT_OBJC_MSGSEND = YES;
				GCC_C_LANGUAGE_STANDARD = gnu99;
				GCC_NO_COMMON_BLOCKS = YES;
				GCC_WARN_64_TO_32_BIT_CONVERSION = YES;
				GCC_WARN_ABOUT_RETURN_TYPE = YES_ERROR;
				GCC_WARN_UNDECLARED_SELECTOR = YES;
				GCC_WARN_UNINITIALIZED_AUTOS = YES_AGGRESSIVE;
				GCC_WARN_UNUSED_FUNCTION = YES;
				GCC_WARN_UNUSED_VARIABLE = YES;
				MACOSX_DEPLOYMENT_TARGET = 10.11;
				MTL_ENABLE_DEBUG_INFO = NO;
				SDKROOT = macosx;
			};
			name = Release;
		};
		90293A5E1D252CE700BA527D /* Debug */ = {
			isa = XCBuildConfiguration;
			buildSettings = {
				PRODUCT_NAME = "$(TARGET_NAME)";
			};
			name = Debug;
		};
		90293A5F1D252CE700BA527D /* Release */ = {
			isa = XCBuildConfiguration;
			buildSettings = {
				PRODUCT_NAME = "$(TARGET_NAME)";
			};
			name = Release;
		};
/* End XCBuildConfiguration section */

/* Begin XCConfigurationList section */
		90293A511D252CE700BA527D /* Build configuration list for PBXProject "Starbird" */ = {
			isa = XCConfigurationList;
			buildConfigurations = (
				90293A5B1D252CE700BA527D /* Debug */,
				90293A5C1D252CE700BA527D /* Release */,
			);
			defaultConfigurationIsVisible = 0;
			defaultConfigurationName = Release;
		};
		90293A5D1D252CE700BA527D /* Build configuration list for PBXNativeTarget "Starbird" */ = {
			isa = XCConfigurationList;
			buildConfigurations = (
				90293A5E1D252CE700BA527D /* Debug */,
				90293A5F1D252CE700BA527D /* Release */,
			);
			defaultConfigurationIsVisible = 0;
			defaultConfigurationName = Release;
		};
/* End XCConfigurationList section */
	};
	rootObject = 90293A4E1D252CE700BA527D /* Project object */;
}
